// !$*UTF8*$!
{
	archiveVersion = 1;
	classes = {
	};
	objectVersion = 50;
	objects = {

/* Begin PBXBuildFile section */
		CEBA7F37254A7463008000BB /* AppDelegate.swift in Sources */ = {isa = PBXBuildFile; fileRef = CEBA7F36254A7463008000BB /* AppDelegate.swift */; };
		CEBA7F39254A7463008000BB /* SceneDelegate.swift in Sources */ = {isa = PBXBuildFile; fileRef = CEBA7F38254A7463008000BB /* SceneDelegate.swift */; };
		CEBA7F3B254A7463008000BB /* MasterViewController.swift in Sources */ = {isa = PBXBuildFile; fileRef = CEBA7F3A254A7463008000BB /* MasterViewController.swift */; };
		CEBA7F3D254A7463008000BB /* DetailViewController.swift in Sources */ = {isa = PBXBuildFile; fileRef = CEBA7F3C254A7463008000BB /* DetailViewController.swift */; };
		CEBA7F40254A7463008000BB /* Main.storyboard in Resources */ = {isa = PBXBuildFile; fileRef = CEBA7F3E254A7463008000BB /* Main.storyboard */; };
		CEBA7F42254A7465008000BB /* Assets.xcassets in Resources */ = {isa = PBXBuildFile; fileRef = CEBA7F41254A7465008000BB /* Assets.xcassets */; };
		CEBA7F45254A7465008000BB /* LaunchScreen.storyboard in Resources */ = {isa = PBXBuildFile; fileRef = CEBA7F43254A7465008000BB /* LaunchScreen.storyboard */; };
/* End PBXBuildFile section */

/* Begin PBXFileReference section */
		CEBA7F33254A7463008000BB /* MasterDetailAppTemplate.app */ = {isa = PBXFileReference; explicitFileType = wrapper.application; includeInIndex = 0; path = MasterDetailAppTemplate.app; sourceTree = BUILT_PRODUCTS_DIR; };
		CEBA7F36254A7463008000BB /* AppDelegate.swift */ = {isa = PBXFileReference; lastKnownFileType = sourcecode.swift; path = AppDelegate.swift; sourceTree = "<group>"; };
		CEBA7F38254A7463008000BB /* SceneDelegate.swift */ = {isa = PBXFileReference; lastKnownFileType = sourcecode.swift; path = SceneDelegate.swift; sourceTree = "<group>"; };
		CEBA7F3A254A7463008000BB /* MasterViewController.swift */ = {isa = PBXFileReference; lastKnownFileType = sourcecode.swift; path = MasterViewController.swift; sourceTree = "<group>"; };
		CEBA7F3C254A7463008000BB /* DetailViewController.swift */ = {isa = PBXFileReference; lastKnownFileType = sourcecode.swift; path = DetailViewController.swift; sourceTree = "<group>"; };
		CEBA7F3F254A7463008000BB /* Base */ = {isa = PBXFileReference; lastKnownFileType = file.storyboard; name = Base; path = Base.lproj/Main.storyboard; sourceTree = "<group>"; };
		CEBA7F41254A7465008000BB /* Assets.xcassets */ = {isa = PBXFileReference; lastKnownFileType = folder.assetcatalog; path = Assets.xcassets; sourceTree = "<group>"; };
		CEBA7F44254A7465008000BB /* Base */ = {isa = PBXFileReference; lastKnownFileType = file.storyboard; name = Base; path = Base.lproj/LaunchScreen.storyboard; sourceTree = "<group>"; };
		CEBA7F46254A7465008000BB /* Info.plist */ = {isa = PBXFileReference; lastKnownFileType = text.plist.xml; path = Info.plist; sourceTree = "<group>"; };
/* End PBXFileReference section */

/* Begin PBXFrameworksBuildPhase section */
		CEBA7F30254A7463008000BB /* Frameworks */ = {
			isa = PBXFrameworksBuildPhase;
			buildActionMask = 2147483647;
			files = (
			);
			runOnlyForDeploymentPostprocessing = 0;
		};
/* End PBXFrameworksBuildPhase section */

/* Begin PBXGroup section */
		CEBA7F2A254A7463008000BB = {
			isa = PBXGroup;
			children = (
				CEBA7F35254A7463008000BB /* MasterDetailAppTemplate */,
				CEBA7F34254A7463008000BB /* Products */,
			);
			sourceTree = "<group>";
		};
		CEBA7F34254A7463008000BB /* Products */ = {
			isa = PBXGroup;
			children = (
				CEBA7F33254A7463008000BB /* MasterDetailAppTemplate.app */,
			);
			name = Products;
			sourceTree = "<group>";
		};
		CEBA7F35254A7463008000BB /* MasterDetailAppTemplate */ = {
			isa = PBXGroup;
			children = (
				CEBA7F36254A7463008000BB /* AppDelegate.swift */,
				CEBA7F38254A7463008000BB /* SceneDelegate.swift */,
				CEBA7F3A254A7463008000BB /* MasterViewController.swift */,
				CEBA7F3C254A7463008000BB /* DetailViewController.swift */,
				CEBA7F3E254A7463008000BB /* Main.storyboard */,
				CEBA7F41254A7465008000BB /* Assets.xcassets */,
				CEBA7F43254A7465008000BB /* LaunchScreen.storyboard */,
				CEBA7F46254A7465008000BB /* Info.plist */,
			);
			path = MasterDetailAppTemplate;
			sourceTree = "<group>";
		};
/* End PBXGroup section */

/* Begin PBXNativeTarget section */
		CEBA7F32254A7463008000BB /* MasterDetailAppTemplate */ = {
			isa = PBXNativeTarget;
			buildConfigurationList = CEBA7F49254A7465008000BB /* Build configuration list for PBXNativeTarget "MasterDetailAppTemplate" */;
			buildPhases = (
				CEBA7F2F254A7463008000BB /* Sources */,
				CEBA7F30254A7463008000BB /* Frameworks */,
				CEBA7F31254A7463008000BB /* Resources */,
			);
			buildRules = (
			);
			dependencies = (
			);
			name = MasterDetailAppTemplate;
			productName = MasterDetailAppTemplate;
			productReference = CEBA7F33254A7463008000BB /* MasterDetailAppTemplate.app */;
			productType = "com.apple.product-type.application";
		};
/* End PBXNativeTarget section */

/* Begin PBXProject section */
		CEBA7F2B254A7463008000BB /* Project object */ = {
			isa = PBXProject;
			attributes = {
				LastSwiftUpdateCheck = 1170;
				LastUpgradeCheck = 1170;
				ORGANIZATIONNAME = leslie;
				TargetAttributes = {
					CEBA7F32254A7463008000BB = {
						CreatedOnToolsVersion = 11.7;
					};
				};
			};
			buildConfigurationList = CEBA7F2E254A7463008000BB /* Build configuration list for PBXProject "MasterDetailAppTemplate" */;
			compatibilityVersion = "Xcode 9.3";
			developmentRegion = en;
			hasScannedForEncodings = 0;
			knownRegions = (
				en,
				Base,
			);
			mainGroup = CEBA7F2A254A7463008000BB;
			productRefGroup = CEBA7F34254A7463008000BB /* Products */;
			projectDirPath = "";
			projectRoot = "";
			targets = (
				CEBA7F32254A7463008000BB /* MasterDetailAppTemplate */,
			);
		};
/* End PBXProject section */

/* Begin PBXResourcesBuildPhase section */
		CEBA7F31254A7463008000BB /* Resources */ = {
			isa = PBXResourcesBuildPhase;
			buildActionMask = 2147483647;
			files = (
				CEBA7F45254A7465008000BB /* LaunchScreen.storyboard in Resources */,
				CEBA7F42254A7465008000BB /* Assets.xcassets in Resources */,
				CEBA7F40254A7463008000BB /* Main.storyboard in Resources */,
			);
			runOnlyForDeploymentPostprocessing = 0;
		};
/* End PBXResourcesBuildPhase section */

/* Begin PBXSourcesBuildPhase section */
		CEBA7F2F254A7463008000BB /* Sources */ = {
			isa = PBXSourcesBuildPhase;
			buildActionMask = 2147483647;
			files = (
				CEBA7F37254A7463008000BB /* AppDelegate.swift in Sources */,
				CEBA7F39254A7463008000BB /* SceneDelegate.swift in Sources */,
				CEBA7F3B254A7463008000BB /* MasterViewController.swift in Sources */,
				CEBA7F3D254A7463008000BB /* DetailViewController.swift in Sources */,
			);
			runOnlyForDeploymentPostprocessing = 0;
		};
/* End PBXSourcesBuildPhase section */

/* Begin PBXVariantGroup section */
		CEBA7F3E254A7463008000BB /* Main.storyboard */ = {
			isa = PBXVariantGroup;
			children = (
				CEBA7F3F254A7463008000BB /* Base */,
			);
			name = Main.storyboard;
			sourceTree = "<group>";
		};
		CEBA7F43254A7465008000BB /* LaunchScreen.storyboard */ = {
			isa = PBXVariantGroup;
			children = (
				CEBA7F44254A7465008000BB /* Base */,
			);
			name = LaunchScreen.storyboard;
			sourceTree = "<group>";
		};
/* End PBXVariantGroup section */

/* Begin XCBuildConfiguration section */
		CEBA7F47254A7465008000BB /* Debug */ = {
			isa = XCBuildConfiguration;
			buildSettings = {
				ALWAYS_SEARCH_USER_PATHS = NO;
				CLANG_ANALYZER_NONNULL = YES;
				CLANG_ANALYZER_NUMBER_OBJECT_CONVERSION = YES_AGGRESSIVE;
				CLANG_CXX_LANGUAGE_STANDARD = "gnu++14";
				CLANG_CXX_LIBRARY = "libc++";
				CLANG_ENABLE_MODULES = YES;
				CLANG_ENABLE_OBJC_ARC = YES;
				CLANG_ENABLE_OBJC_WEAK = YES;
				CLANG_WARN_BLOCK_CAPTURE_AUTORELEASING = YES;
				CLANG_WARN_BOOL_CONVERSION = YES;
				CLANG_WARN_COMMA = YES;
				CLANG_WARN_CONSTANT_CONVERSION = YES;
				CLANG_WARN_DEPRECATED_OBJC_IMPLEMENTATIONS = YES;
				CLANG_WARN_DIRECT_OBJC_ISA_USAGE = YES_ERROR;
				CLANG_WARN_DOCUMENTATION_COMMENTS = YES;
				CLANG_WARN_EMPTY_BODY = YES;
				CLANG_WARN_ENUM_CONVERSION = YES;
				CLANG_WARN_INFINITE_RECURSION = YES;
				CLANG_WARN_INT_CONVERSION = YES;
				CLANG_WARN_NON_LITERAL_NULL_CONVERSION = YES;
				CLANG_WARN_OBJC_IMPLICIT_RETAIN_SELF = YES;
				CLANG_WARN_OBJC_LITERAL_CONVERSION = YES;
				CLANG_WARN_OBJC_ROOT_CLASS = YES_ERROR;
				CLANG_WARN_RANGE_LOOP_ANALYSIS = YES;
				CLANG_WARN_STRICT_PROTOTYPES = YES;
				CLANG_WARN_SUSPICIOUS_MOVE = YES;
				CLANG_WARN_UNGUARDED_AVAILABILITY = YES_AGGRESSIVE;
				CLANG_WARN_UNREACHABLE_CODE = YES;
				CLANG_WARN__DUPLICATE_METHOD_MATCH = YES;
				COPY_PHASE_STRIP = NO;
				DEBUG_INFORMATION_FORMAT = dwarf;
				ENABLE_STRICT_OBJC_MSGSEND = YES;
				ENABLE_TESTABILITY = YES;
				GCC_C_LANGUAGE_STANDARD = gnu11;
				GCC_DYNAMIC_NO_PIC = NO;
				GCC_NO_COMMON_BLOCKS = YES;
				GCC_OPTIMIZATION_LEVEL = 0;
				GCC_PREPROCESSOR_DEFINITIONS = (
					"DEBUG=1",
					"$(inherited)",
				);
				GCC_WARN_64_TO_32_BIT_CONVERSION = YES;
				GCC_WARN_ABOUT_RETURN_TYPE = YES_ERROR;
				GCC_WARN_UNDECLARED_SELECTOR = YES;
				GCC_WARN_UNINITIALIZED_AUTOS = YES_AGGRESSIVE;
				GCC_WARN_UNUSED_FUNCTION = YES;
				GCC_WARN_UNUSED_VARIABLE = YES;
				IPHONEOS_DEPLOYMENT_TARGET = 13.7;
				MTL_ENABLE_DEBUG_INFO = INCLUDE_SOURCE;
				MTL_FAST_MATH = YES;
				ONLY_ACTIVE_ARCH = YES;
				SDKROOT = iphoneos;
				SWIFT_ACTIVE_COMPILATION_CONDITIONS = DEBUG;
				SWIFT_OPTIMIZATION_LEVEL = "-Onone";
			};
			name = Debug;
		};
		CEBA7F48254A7465008000BB /* Release */ = {
			isa = XCBuildConfiguration;
			buildSettings = {
				ALWAYS_SEARCH_USER_PATHS = NO;
				CLANG_ANALYZER_NONNULL = YES;
				CLANG_ANALYZER_NUMBER_OBJECT_CONVERSION = YES_AGGRESSIVE;
				CLANG_CXX_LANGUAGE_STANDARD = "gnu++14";
				CLANG_CXX_LIBRARY = "libc++";
				CLANG_ENABLE_MODULES = YES;
				CLANG_ENABLE_OBJC_ARC = YES;
				CLANG_ENABLE_OBJC_WEAK = YES;
				CLANG_WARN_BLOCK_CAPTURE_AUTORELEASING = YES;
				CLANG_WARN_BOOL_CONVERSION = YES;
				CLANG_WARN_COMMA = YES;
				CLANG_WARN_CONSTANT_CONVERSION = YES;
				CLANG_WARN_DEPRECATED_OBJC_IMPLEMENTATIONS = YES;
				CLANG_WARN_DIRECT_OBJC_ISA_USAGE = YES_ERROR;
				CLANG_WARN_DOCUMENTATION_COMMENTS = YES;
				CLANG_WARN_EMPTY_BODY = YES;
				CLANG_WARN_ENUM_CONVERSION = YES;
				CLANG_WARN_INFINITE_RECURSION = YES;
				CLANG_WARN_INT_CONVERSION = YES;
				CLANG_WARN_NON_LITERAL_NULL_CONVERSION = YES;
				CLANG_WARN_OBJC_IMPLICIT_RETAIN_SELF = YES;
				CLANG_WARN_OBJC_LITERAL_CONVERSION = YES;
				CLANG_WARN_OBJC_ROOT_CLASS = YES_ERROR;
				CLANG_WARN_RANGE_LOOP_ANALYSIS = YES;
				CLANG_WARN_STRICT_PROTOTYPES = YES;
				CLANG_WARN_SUSPICIOUS_MOVE = YES;
				CLANG_WARN_UNGUARDED_AVAILABILITY = YES_AGGRESSIVE;
				CLANG_WARN_UNREACHABLE_CODE = YES;
				CLANG_WARN__DUPLICATE_METHOD_MATCH = YES;
				COPY_PHASE_STRIP = NO;
				DEBUG_INFORMATION_FORMAT = "dwarf-with-dsym";
				ENABLE_NS_ASSERTIONS = NO;
				ENABLE_STRICT_OBJC_MSGSEND = YES;
				GCC_C_LANGUAGE_STANDARD = gnu11;
				GCC_NO_COMMON_BLOCKS = YES;
				GCC_WARN_64_TO_32_BIT_CONVERSION = YES;
				GCC_WARN_ABOUT_RETURN_TYPE = YES_ERROR;
				GCC_WARN_UNDECLARED_SELECTOR = YES;
				GCC_WARN_UNINITIALIZED_AUTOS = YES_AGGRESSIVE;
				GCC_WARN_UNUSED_FUNCTION = YES;
				GCC_WARN_UNUSED_VARIABLE = YES;
				IPHONEOS_DEPLOYMENT_TARGET = 13.7;
				MTL_ENABLE_DEBUG_INFO = NO;
				MTL_FAST_MATH = YES;
				SDKROOT = iphoneos;
				SWIFT_COMPILATION_MODE = wholemodule;
				SWIFT_OPTIMIZATION_LEVEL = "-O";
				VALIDATE_PRODUCT = YES;
			};
			name = Release;
		};
		CEBA7F4A254A7465008000BB /* Debug */ = {
			isa = XCBuildConfiguration;
			buildSettings = {
				ASSETCATALOG_COMPILER_APPICON_NAME = AppIcon;
				CODE_SIGN_STYLE = Automatic;
				DEVELOPMENT_TEAM = PDY29GF949;
				INFOPLIST_FILE = MasterDetailAppTemplate/Info.plist;
				LD_RUNPATH_SEARCH_PATHS = (
					"$(inherited)",
					"@executable_path/Frameworks",
				);
				PRODUCT_BUNDLE_IDENTIFIER = com.gmail.appl.leslie.MasterDetailAppTemplate;
				PRODUCT_NAME = "$(TARGET_NAME)";
				SWIFT_VERSION = 5.0;
				TARGETED_DEVICE_FAMILY = "1,2";
			};
			name = Debug;
		};
		CEBA7F4B254A7465008000BB /* Release */ = {
			isa = XCBuildConfiguration;
			buildSettings = {
				ASSETCATALOG_COMPILER_APPICON_NAME = AppIcon;
				CODE_SIGN_STYLE = Automatic;
				DEVELOPMENT_TEAM = PDY29GF949;
				INFOPLIST_FILE = MasterDetailAppTemplate/Info.plist;
				LD_RUNPATH_SEARCH_PATHS = (
					"$(inherited)",
					"@executable_path/Frameworks",
				);
				PRODUCT_BUNDLE_IDENTIFIER = com.gmail.appl.leslie.MasterDetailAppTemplate;
				PRODUCT_NAME = "$(TARGET_NAME)";
				SWIFT_VERSION = 5.0;
				TARGETED_DEVICE_FAMILY = "1,2";
			};
			name = Release;
		};
/* End XCBuildConfiguration section */

/* Begin XCConfigurationList section */
		CEBA7F2E254A7463008000BB /* Build configuration list for PBXProject "MasterDetailAppTemplate" */ = {
			isa = XCConfigurationList;
			buildConfigurations = (
				CEBA7F47254A7465008000BB /* Debug */,
				CEBA7F48254A7465008000BB /* Release */,
			);
			defaultConfigurationIsVisible = 0;
			defaultConfigurationName = Release;
		};
		CEBA7F49254A7465008000BB /* Build configuration list for PBXNativeTarget "MasterDetailAppTemplate" */ = {
			isa = XCConfigurationList;
			buildConfigurations = (
				CEBA7F4A254A7465008000BB /* Debug */,
				CEBA7F4B254A7465008000BB /* Release */,
			);
			defaultConfigurationIsVisible = 0;
			defaultConfigurationName = Release;
		};
/* End XCConfigurationList section */
	};
	rootObject = CEBA7F2B254A7463008000BB /* Project object */;
}
